github.com/gen2brain/raylib-go v0.0.0-20200504161950-7ab77a47307b h1:9ohp/Bw+lbuv/oo756g4Niv0rfUL21JEBfzW2rK6whg=
github.com/gen2brain/raylib-go v0.0.0-20200504161950-7ab77a47307b/go.mod h1:LUVRDQbnxUaOgzLzW5lMS+IcbqlXHIqIA9wq8wxzmcA=
github.com/juan-medina/goecs v0.1.2 h1:nm/aQ2vbLF/bijKvEnz4dzr5SZw9tyhQOafWy/GsCqs=
github.com/juan-medina/goecs v0.1.2/go.mod h1:9NCnf8upBiDiF/a7Sjk42V8irmRlr7DOMQFObn8agHU=
github.com/juan-medina/goecs v0.1.3 h1:2ANbLykN7Aqs5JAuRGzpFHOFThP/MB18uMmLyRTCjc8=
github.com/juan-medina/goecs v0.1.3/go.mod h1:9NCnf8upBiDiF/a7Sjk42V8irmRlr7DOMQFObn8agHU=
github.com/juan-medina/goecs v0.1.4 h1:co1s3DDJlSFDT/+V9kibEg2l39yqrk6AEzQ1HIfTiMQ=
github.com/juan-medina/goecs v0.1.4/go.mod h1:9NCnf8upBiDiF/a7Sjk42V8irmRlr7DOMQFObn8agHU=
