github.com/gen2brain/raylib-go v0.0.0-20200504161950-7ab77a47307b h1:9ohp/Bw+lbuv/oo756g4Niv0rfUL21JEBfzW2rK6whg=
github.com/gen2brain/raylib-go v0.0.0-20200504161950-7ab77a47307b/go.mod h1:LUVRDQbnxUaOgzLzW5lMS+IcbqlXHIqIA9wq8wxzmcA=
github.com/juan-medina/goecs v0.1.9 h1:gKE8ijIvNwQ7KXIgjATAhACcrTalIm2fGhYy3NbSTDE=
github.com/juan-medina/goecs v0.1.9/go.mod h1:9NCnf8upBiDiF/a7Sjk42V8irmRlr7DOMQFObn8agHU=
github.com/juan-medina/goecs v0.1.10 h1:UIo7ZdSY7TQ5jAsGeyxl42mbI7CF0iQMHXClJG6AYCk=
github.com/juan-medina/goecs v0.1.10/go.mod h1:9NCnf8upBiDiF/a7Sjk42V8irmRlr7DOMQFObn8agHU=
